
Microsoft Visual Studio Solution File, Format Version 12.00
# Visual Studio Version 16
VisualStudioVersion = 16.0.34601.136
MinimumVisualStudioVersion = 10.0.40219.1
Project("{FAE04EC0-301F-11D3-BF4B-00C04F79EFBC}") = "exercice", "exercice\exercice.csproj", "{21520DCC-8DA2-46BC-90DA-8F625359B674}"
EndProject
Project("{FAE04EC0-301F-11D3-BF4B-00C04F79EFBC}") = "Bataille navale", "Bataille navale\Bataille navale.csproj", "{E3FB2C93-8933-4740-9E11-528CE6BDDB38}"
EndProject
Global
	GlobalSection(SolutionConfigurationPlatforms) = preSolution
		Debug|Any CPU = Debug|Any CPU
		Release|Any CPU = Release|Any CPU
	EndGlobalSection
	GlobalSection(ProjectConfigurationPlatforms) = postSolution
		{21520DCC-8DA2-46BC-90DA-8F625359B674}.Debug|Any CPU.ActiveCfg = Debug|Any CPU
		{21520DCC-8DA2-46BC-90DA-8F625359B674}.Debug|Any CPU.Build.0 = Debug|Any CPU
		{21520DCC-8DA2-46BC-90DA-8F625359B674}.Release|Any CPU.ActiveCfg = Release|Any CPU
		{21520DCC-8DA2-46BC-90DA-8F625359B674}.Release|Any CPU.Build.0 = Release|Any CPU
		{E3FB2C93-8933-4740-9E11-528CE6BDDB38}.Debug|Any CPU.ActiveCfg = Debug|Any CPU
		{E3FB2C93-8933-4740-9E11-528CE6BDDB38}.Debug|Any CPU.Build.0 = Debug|Any CPU
		{E3FB2C93-8933-4740-9E11-528CE6BDDB38}.Release|Any CPU.ActiveCfg = Release|Any CPU
		{E3FB2C93-8933-4740-9E11-528CE6BDDB38}.Release|Any CPU.Build.0 = Release|Any CPU
	EndGlobalSection
	GlobalSection(SolutionProperties) = preSolution
		HideSolutionNode = FALSE
	EndGlobalSection
	GlobalSection(ExtensibilityGlobals) = postSolution
		SolutionGuid = {3E654EA2-A2C4-465C-B47F-36001264F7D9}
	EndGlobalSection
EndGlobal
